
Microsoft Visual Studio Solution File, Format Version 12.00
# Visual Studio Version 16
VisualStudioVersion = 16.0.29806.167
MinimumVisualStudioVersion = 10.0.40219.1
Project("{D954291E-2A0B-460D-934E-DC6B0785DB48}") = "Wiki.Shared", "Wiki.Shared\Wiki.Shared.shproj", "{6279C845-92F8-4333-AB99-3D213163593C}"
EndProject
Project("{FAE04EC0-301F-11D3-BF4B-00C04F79EFBC}") = "Wiki.Droid", "Wiki.Droid\Wiki.Droid.csproj", "{163CFCAA-BE94-4157-9869-83D5F5E32DDA}"
EndProject
Project("{FAE04EC0-301F-11D3-BF4B-00C04F79EFBC}") = "Wiki.iOS", "Wiki.iOS\Wiki.iOS.csproj", "{B02D8238-86A7-4BE1-9E67-4CAAFE2E61BA}"
EndProject
Project("{FAE04EC0-301F-11D3-BF4B-00C04F79EFBC}") = "Wiki.UWP", "Wiki.UWP\Wiki.UWP.csproj", "{D38964D0-DD9F-4C2A-B459-DDDA8A5E9FD1}"
EndProject
Project("{9A19103F-16F7-4668-BE54-9A1E7A4F7556}") = "Wiki.Wasm", "Wiki.Wasm\Wiki.Wasm.csproj", "{60ADD59B-5F12-4F75-A567-A1481A197B86}"
EndProject
Project("{9A19103F-16F7-4668-BE54-9A1E7A4F7556}") = "Wiki.BLL", "Wiki.BLL\Wiki.BLL.csproj", "{71EFF2FC-0516-4D19-ACCB-CE50E9CC6735}"
EndProject
Project("{9A19103F-16F7-4668-BE54-9A1E7A4F7556}") = "Wiki.Blazor", "Wiki.Blazor\Wiki.Blazor.csproj", "{9DC8618C-646C-40FE-BB2F-113C8F3096C5}"
EndProject
Project("{9A19103F-16F7-4668-BE54-9A1E7A4F7556}") = "Wiki.Proxy", "Wiki.Proxy\Wiki.Proxy.csproj", "{8A5561D4-B867-45B0-911E-E6151CF8DC00}"
EndProject
Global
	GlobalSection(SharedMSBuildProjectFiles) = preSolution
		Wiki.Shared\Wiki.Shared.projitems*{163cfcaa-be94-4157-9869-83d5f5e32dda}*SharedItemsImports = 4
		Wiki.Shared\Wiki.Shared.projitems*{60add59b-5f12-4f75-a567-a1481a197b86}*SharedItemsImports = 5
		Wiki.Shared\Wiki.Shared.projitems*{6279c845-92f8-4333-ab99-3d213163593c}*SharedItemsImports = 13
		Wiki.Shared\Wiki.Shared.projitems*{b02d8238-86a7-4be1-9e67-4caafe2e61ba}*SharedItemsImports = 4
		Wiki.Shared\Wiki.Shared.projitems*{d38964d0-dd9f-4c2a-b459-ddda8a5e9fd1}*SharedItemsImports = 4
	EndGlobalSection
	GlobalSection(SolutionConfigurationPlatforms) = preSolution
		Ad-Hoc|Any CPU = Ad-Hoc|Any CPU
		Ad-Hoc|ARM = Ad-Hoc|ARM
		Ad-Hoc|iPhone = Ad-Hoc|iPhone
		Ad-Hoc|iPhoneSimulator = Ad-Hoc|iPhoneSimulator
		Ad-Hoc|x64 = Ad-Hoc|x64
		Ad-Hoc|x86 = Ad-Hoc|x86
		AppStore|Any CPU = AppStore|Any CPU
		AppStore|ARM = AppStore|ARM
		AppStore|iPhone = AppStore|iPhone
		AppStore|iPhoneSimulator = AppStore|iPhoneSimulator
		AppStore|x64 = AppStore|x64
		AppStore|x86 = AppStore|x86
		Debug|Any CPU = Debug|Any CPU
		Debug|ARM = Debug|ARM
		Debug|iPhone = Debug|iPhone
		Debug|iPhoneSimulator = Debug|iPhoneSimulator
		Debug|x64 = Debug|x64
		Debug|x86 = Debug|x86
		Release|Any CPU = Release|Any CPU
		Release|ARM = Release|ARM
		Release|iPhone = Release|iPhone
		Release|iPhoneSimulator = Release|iPhoneSimulator
		Release|x64 = Release|x64
		Release|x86 = Release|x86
	EndGlobalSection
	GlobalSection(ProjectConfigurationPlatforms) = postSolution
		{163CFCAA-BE94-4157-9869-83D5F5E32DDA}.Ad-Hoc|Any CPU.ActiveCfg = Release|Any CPU
		{163CFCAA-BE94-4157-9869-83D5F5E32DDA}.Ad-Hoc|Any CPU.Build.0 = Release|Any CPU
		{163CFCAA-BE94-4157-9869-83D5F5E32DDA}.Ad-Hoc|Any CPU.Deploy.0 = Release|Any CPU
		{163CFCAA-BE94-4157-9869-83D5F5E32DDA}.Ad-Hoc|ARM.ActiveCfg = Release|Any CPU
		{163CFCAA-BE94-4157-9869-83D5F5E32DDA}.Ad-Hoc|ARM.Build.0 = Release|Any CPU
		{163CFCAA-BE94-4157-9869-83D5F5E32DDA}.Ad-Hoc|ARM.Deploy.0 = Release|Any CPU
		{163CFCAA-BE94-4157-9869-83D5F5E32DDA}.Ad-Hoc|iPhone.ActiveCfg = Release|Any CPU
		{163CFCAA-BE94-4157-9869-83D5F5E32DDA}.Ad-Hoc|iPhone.Build.0 = Release|Any CPU
		{163CFCAA-BE94-4157-9869-83D5F5E32DDA}.Ad-Hoc|iPhone.Deploy.0 = Release|Any CPU
		{163CFCAA-BE94-4157-9869-83D5F5E32DDA}.Ad-Hoc|iPhoneSimulator.ActiveCfg = Release|Any CPU
		{163CFCAA-BE94-4157-9869-83D5F5E32DDA}.Ad-Hoc|iPhoneSimulator.Build.0 = Release|Any CPU
		{163CFCAA-BE94-4157-9869-83D5F5E32DDA}.Ad-Hoc|iPhoneSimulator.Deploy.0 = Release|Any CPU
		{163CFCAA-BE94-4157-9869-83D5F5E32DDA}.Ad-Hoc|x64.ActiveCfg = Release|Any CPU
		{163CFCAA-BE94-4157-9869-83D5F5E32DDA}.Ad-Hoc|x64.Build.0 = Release|Any CPU
		{163CFCAA-BE94-4157-9869-83D5F5E32DDA}.Ad-Hoc|x64.Deploy.0 = Release|Any CPU
		{163CFCAA-BE94-4157-9869-83D5F5E32DDA}.Ad-Hoc|x86.ActiveCfg = Release|Any CPU
		{163CFCAA-BE94-4157-9869-83D5F5E32DDA}.Ad-Hoc|x86.Build.0 = Release|Any CPU
		{163CFCAA-BE94-4157-9869-83D5F5E32DDA}.Ad-Hoc|x86.Deploy.0 = Release|Any CPU
		{163CFCAA-BE94-4157-9869-83D5F5E32DDA}.AppStore|Any CPU.ActiveCfg = Release|Any CPU
		{163CFCAA-BE94-4157-9869-83D5F5E32DDA}.AppStore|Any CPU.Build.0 = Release|Any CPU
		{163CFCAA-BE94-4157-9869-83D5F5E32DDA}.AppStore|Any CPU.Deploy.0 = Release|Any CPU
		{163CFCAA-BE94-4157-9869-83D5F5E32DDA}.AppStore|ARM.ActiveCfg = Release|Any CPU
		{163CFCAA-BE94-4157-9869-83D5F5E32DDA}.AppStore|ARM.Build.0 = Release|Any CPU
		{163CFCAA-BE94-4157-9869-83D5F5E32DDA}.AppStore|ARM.Deploy.0 = Release|Any CPU
		{163CFCAA-BE94-4157-9869-83D5F5E32DDA}.AppStore|iPhone.ActiveCfg = Release|Any CPU
		{163CFCAA-BE94-4157-9869-83D5F5E32DDA}.AppStore|iPhone.Build.0 = Release|Any CPU
		{163CFCAA-BE94-4157-9869-83D5F5E32DDA}.AppStore|iPhone.Deploy.0 = Release|Any CPU
		{163CFCAA-BE94-4157-9869-83D5F5E32DDA}.AppStore|iPhoneSimulator.ActiveCfg = Release|Any CPU
		{163CFCAA-BE94-4157-9869-83D5F5E32DDA}.AppStore|iPhoneSimulator.Build.0 = Release|Any CPU
		{163CFCAA-BE94-4157-9869-83D5F5E32DDA}.AppStore|iPhoneSimulator.Deploy.0 = Release|Any CPU
		{163CFCAA-BE94-4157-9869-83D5F5E32DDA}.AppStore|x64.ActiveCfg = Release|Any CPU
		{163CFCAA-BE94-4157-9869-83D5F5E32DDA}.AppStore|x64.Build.0 = Release|Any CPU
		{163CFCAA-BE94-4157-9869-83D5F5E32DDA}.AppStore|x64.Deploy.0 = Release|Any CPU
		{163CFCAA-BE94-4157-9869-83D5F5E32DDA}.AppStore|x86.ActiveCfg = Release|Any CPU
		{163CFCAA-BE94-4157-9869-83D5F5E32DDA}.AppStore|x86.Build.0 = Release|Any CPU
		{163CFCAA-BE94-4157-9869-83D5F5E32DDA}.AppStore|x86.Deploy.0 = Release|Any CPU
		{163CFCAA-BE94-4157-9869-83D5F5E32DDA}.Debug|Any CPU.ActiveCfg = Debug|Any CPU
		{163CFCAA-BE94-4157-9869-83D5F5E32DDA}.Debug|Any CPU.Build.0 = Debug|Any CPU
		{163CFCAA-BE94-4157-9869-83D5F5E32DDA}.Debug|Any CPU.Deploy.0 = Debug|Any CPU
		{163CFCAA-BE94-4157-9869-83D5F5E32DDA}.Debug|ARM.ActiveCfg = Debug|Any CPU
		{163CFCAA-BE94-4157-9869-83D5F5E32DDA}.Debug|ARM.Build.0 = Debug|Any CPU
		{163CFCAA-BE94-4157-9869-83D5F5E32DDA}.Debug|ARM.Deploy.0 = Debug|Any CPU
		{163CFCAA-BE94-4157-9869-83D5F5E32DDA}.Debug|iPhone.ActiveCfg = Debug|Any CPU
		{163CFCAA-BE94-4157-9869-83D5F5E32DDA}.Debug|iPhone.Build.0 = Debug|Any CPU
		{163CFCAA-BE94-4157-9869-83D5F5E32DDA}.Debug|iPhone.Deploy.0 = Debug|Any CPU
		{163CFCAA-BE94-4157-9869-83D5F5E32DDA}.Debug|iPhoneSimulator.ActiveCfg = Debug|Any CPU
		{163CFCAA-BE94-4157-9869-83D5F5E32DDA}.Debug|iPhoneSimulator.Build.0 = Debug|Any CPU
		{163CFCAA-BE94-4157-9869-83D5F5E32DDA}.Debug|iPhoneSimulator.Deploy.0 = Debug|Any CPU
		{163CFCAA-BE94-4157-9869-83D5F5E32DDA}.Debug|x64.ActiveCfg = Debug|Any CPU
		{163CFCAA-BE94-4157-9869-83D5F5E32DDA}.Debug|x64.Build.0 = Debug|Any CPU
		{163CFCAA-BE94-4157-9869-83D5F5E32DDA}.Debug|x64.Deploy.0 = Debug|Any CPU
		{163CFCAA-BE94-4157-9869-83D5F5E32DDA}.Debug|x86.ActiveCfg = Debug|Any CPU
		{163CFCAA-BE94-4157-9869-83D5F5E32DDA}.Debug|x86.Build.0 = Debug|Any CPU
		{163CFCAA-BE94-4157-9869-83D5F5E32DDA}.Debug|x86.Deploy.0 = Debug|Any CPU
		{163CFCAA-BE94-4157-9869-83D5F5E32DDA}.Release|Any CPU.ActiveCfg = Release|Any CPU
		{163CFCAA-BE94-4157-9869-83D5F5E32DDA}.Release|Any CPU.Build.0 = Release|Any CPU
		{163CFCAA-BE94-4157-9869-83D5F5E32DDA}.Release|Any CPU.Deploy.0 = Release|Any CPU
		{163CFCAA-BE94-4157-9869-83D5F5E32DDA}.Release|ARM.ActiveCfg = Release|Any CPU
		{163CFCAA-BE94-4157-9869-83D5F5E32DDA}.Release|ARM.Build.0 = Release|Any CPU
		{163CFCAA-BE94-4157-9869-83D5F5E32DDA}.Release|ARM.Deploy.0 = Release|Any CPU
		{163CFCAA-BE94-4157-9869-83D5F5E32DDA}.Release|iPhone.ActiveCfg = Release|Any CPU
		{163CFCAA-BE94-4157-9869-83D5F5E32DDA}.Release|iPhone.Build.0 = Release|Any CPU
		{163CFCAA-BE94-4157-9869-83D5F5E32DDA}.Release|iPhone.Deploy.0 = Release|Any CPU
		{163CFCAA-BE94-4157-9869-83D5F5E32DDA}.Release|iPhoneSimulator.ActiveCfg = Release|Any CPU
		{163CFCAA-BE94-4157-9869-83D5F5E32DDA}.Release|iPhoneSimulator.Build.0 = Release|Any CPU
		{163CFCAA-BE94-4157-9869-83D5F5E32DDA}.Release|iPhoneSimulator.Deploy.0 = Release|Any CPU
		{163CFCAA-BE94-4157-9869-83D5F5E32DDA}.Release|x64.ActiveCfg = Release|Any CPU
		{163CFCAA-BE94-4157-9869-83D5F5E32DDA}.Release|x64.Build.0 = Release|Any CPU
		{163CFCAA-BE94-4157-9869-83D5F5E32DDA}.Release|x64.Deploy.0 = Release|Any CPU
		{163CFCAA-BE94-4157-9869-83D5F5E32DDA}.Release|x86.ActiveCfg = Release|Any CPU
		{163CFCAA-BE94-4157-9869-83D5F5E32DDA}.Release|x86.Build.0 = Release|Any CPU
		{163CFCAA-BE94-4157-9869-83D5F5E32DDA}.Release|x86.Deploy.0 = Release|Any CPU
		{B02D8238-86A7-4BE1-9E67-4CAAFE2E61BA}.Ad-Hoc|Any CPU.ActiveCfg = Ad-Hoc|iPhone
		{B02D8238-86A7-4BE1-9E67-4CAAFE2E61BA}.Ad-Hoc|ARM.ActiveCfg = Ad-Hoc|iPhone
		{B02D8238-86A7-4BE1-9E67-4CAAFE2E61BA}.Ad-Hoc|iPhone.ActiveCfg = Ad-Hoc|iPhone
		{B02D8238-86A7-4BE1-9E67-4CAAFE2E61BA}.Ad-Hoc|iPhone.Build.0 = Ad-Hoc|iPhone
		{B02D8238-86A7-4BE1-9E67-4CAAFE2E61BA}.Ad-Hoc|iPhoneSimulator.ActiveCfg = Ad-Hoc|iPhoneSimulator
		{B02D8238-86A7-4BE1-9E67-4CAAFE2E61BA}.Ad-Hoc|iPhoneSimulator.Build.0 = Ad-Hoc|iPhoneSimulator
		{B02D8238-86A7-4BE1-9E67-4CAAFE2E61BA}.Ad-Hoc|x64.ActiveCfg = Ad-Hoc|iPhone
		{B02D8238-86A7-4BE1-9E67-4CAAFE2E61BA}.Ad-Hoc|x86.ActiveCfg = Ad-Hoc|iPhone
		{B02D8238-86A7-4BE1-9E67-4CAAFE2E61BA}.AppStore|Any CPU.ActiveCfg = AppStore|iPhone
		{B02D8238-86A7-4BE1-9E67-4CAAFE2E61BA}.AppStore|ARM.ActiveCfg = AppStore|iPhone
		{B02D8238-86A7-4BE1-9E67-4CAAFE2E61BA}.AppStore|iPhone.ActiveCfg = AppStore|iPhone
		{B02D8238-86A7-4BE1-9E67-4CAAFE2E61BA}.AppStore|iPhone.Build.0 = AppStore|iPhone
		{B02D8238-86A7-4BE1-9E67-4CAAFE2E61BA}.AppStore|iPhoneSimulator.ActiveCfg = AppStore|iPhoneSimulator
		{B02D8238-86A7-4BE1-9E67-4CAAFE2E61BA}.AppStore|iPhoneSimulator.Build.0 = AppStore|iPhoneSimulator
		{B02D8238-86A7-4BE1-9E67-4CAAFE2E61BA}.AppStore|x64.ActiveCfg = AppStore|iPhone
		{B02D8238-86A7-4BE1-9E67-4CAAFE2E61BA}.AppStore|x86.ActiveCfg = AppStore|iPhone
		{B02D8238-86A7-4BE1-9E67-4CAAFE2E61BA}.Debug|Any CPU.ActiveCfg = Debug|iPhone
		{B02D8238-86A7-4BE1-9E67-4CAAFE2E61BA}.Debug|ARM.ActiveCfg = Debug|iPhone
		{B02D8238-86A7-4BE1-9E67-4CAAFE2E61BA}.Debug|iPhone.ActiveCfg = Debug|iPhone
		{B02D8238-86A7-4BE1-9E67-4CAAFE2E61BA}.Debug|iPhone.Build.0 = Debug|iPhone
		{B02D8238-86A7-4BE1-9E67-4CAAFE2E61BA}.Debug|iPhoneSimulator.ActiveCfg = Debug|iPhoneSimulator
		{B02D8238-86A7-4BE1-9E67-4CAAFE2E61BA}.Debug|iPhoneSimulator.Build.0 = Debug|iPhoneSimulator
		{B02D8238-86A7-4BE1-9E67-4CAAFE2E61BA}.Debug|x64.ActiveCfg = Debug|iPhone
		{B02D8238-86A7-4BE1-9E67-4CAAFE2E61BA}.Debug|x86.ActiveCfg = Debug|iPhone
		{B02D8238-86A7-4BE1-9E67-4CAAFE2E61BA}.Release|Any CPU.ActiveCfg = Release|iPhone
		{B02D8238-86A7-4BE1-9E67-4CAAFE2E61BA}.Release|ARM.ActiveCfg = Release|iPhone
		{B02D8238-86A7-4BE1-9E67-4CAAFE2E61BA}.Release|iPhone.ActiveCfg = Release|iPhone
		{B02D8238-86A7-4BE1-9E67-4CAAFE2E61BA}.Release|iPhone.Build.0 = Release|iPhone
		{B02D8238-86A7-4BE1-9E67-4CAAFE2E61BA}.Release|iPhoneSimulator.ActiveCfg = Release|iPhoneSimulator
		{B02D8238-86A7-4BE1-9E67-4CAAFE2E61BA}.Release|iPhoneSimulator.Build.0 = Release|iPhoneSimulator
		{B02D8238-86A7-4BE1-9E67-4CAAFE2E61BA}.Release|x64.ActiveCfg = Release|iPhone
		{B02D8238-86A7-4BE1-9E67-4CAAFE2E61BA}.Release|x86.ActiveCfg = Release|iPhone
		{D38964D0-DD9F-4C2A-B459-DDDA8A5E9FD1}.Ad-Hoc|Any CPU.ActiveCfg = Release|x64
		{D38964D0-DD9F-4C2A-B459-DDDA8A5E9FD1}.Ad-Hoc|Any CPU.Build.0 = Release|x64
		{D38964D0-DD9F-4C2A-B459-DDDA8A5E9FD1}.Ad-Hoc|Any CPU.Deploy.0 = Release|x64
		{D38964D0-DD9F-4C2A-B459-DDDA8A5E9FD1}.Ad-Hoc|ARM.ActiveCfg = Release|ARM
		{D38964D0-DD9F-4C2A-B459-DDDA8A5E9FD1}.Ad-Hoc|ARM.Build.0 = Release|ARM
		{D38964D0-DD9F-4C2A-B459-DDDA8A5E9FD1}.Ad-Hoc|ARM.Deploy.0 = Release|ARM
		{D38964D0-DD9F-4C2A-B459-DDDA8A5E9FD1}.Ad-Hoc|iPhone.ActiveCfg = Release|x64
		{D38964D0-DD9F-4C2A-B459-DDDA8A5E9FD1}.Ad-Hoc|iPhone.Build.0 = Release|x64
		{D38964D0-DD9F-4C2A-B459-DDDA8A5E9FD1}.Ad-Hoc|iPhone.Deploy.0 = Release|x64
		{D38964D0-DD9F-4C2A-B459-DDDA8A5E9FD1}.Ad-Hoc|iPhoneSimulator.ActiveCfg = Release|x64
		{D38964D0-DD9F-4C2A-B459-DDDA8A5E9FD1}.Ad-Hoc|iPhoneSimulator.Build.0 = Release|x64
		{D38964D0-DD9F-4C2A-B459-DDDA8A5E9FD1}.Ad-Hoc|iPhoneSimulator.Deploy.0 = Release|x64
		{D38964D0-DD9F-4C2A-B459-DDDA8A5E9FD1}.Ad-Hoc|x64.ActiveCfg = Release|x64
		{D38964D0-DD9F-4C2A-B459-DDDA8A5E9FD1}.Ad-Hoc|x64.Build.0 = Release|x64
		{D38964D0-DD9F-4C2A-B459-DDDA8A5E9FD1}.Ad-Hoc|x64.Deploy.0 = Release|x64
		{D38964D0-DD9F-4C2A-B459-DDDA8A5E9FD1}.Ad-Hoc|x86.ActiveCfg = Release|x86
		{D38964D0-DD9F-4C2A-B459-DDDA8A5E9FD1}.Ad-Hoc|x86.Build.0 = Release|x86
		{D38964D0-DD9F-4C2A-B459-DDDA8A5E9FD1}.Ad-Hoc|x86.Deploy.0 = Release|x86
		{D38964D0-DD9F-4C2A-B459-DDDA8A5E9FD1}.AppStore|Any CPU.ActiveCfg = Release|x64
		{D38964D0-DD9F-4C2A-B459-DDDA8A5E9FD1}.AppStore|Any CPU.Build.0 = Release|x64
		{D38964D0-DD9F-4C2A-B459-DDDA8A5E9FD1}.AppStore|Any CPU.Deploy.0 = Release|x64
		{D38964D0-DD9F-4C2A-B459-DDDA8A5E9FD1}.AppStore|ARM.ActiveCfg = Release|ARM
		{D38964D0-DD9F-4C2A-B459-DDDA8A5E9FD1}.AppStore|ARM.Build.0 = Release|ARM
		{D38964D0-DD9F-4C2A-B459-DDDA8A5E9FD1}.AppStore|ARM.Deploy.0 = Release|ARM
		{D38964D0-DD9F-4C2A-B459-DDDA8A5E9FD1}.AppStore|iPhone.ActiveCfg = Release|x64
		{D38964D0-DD9F-4C2A-B459-DDDA8A5E9FD1}.AppStore|iPhone.Build.0 = Release|x64
		{D38964D0-DD9F-4C2A-B459-DDDA8A5E9FD1}.AppStore|iPhone.Deploy.0 = Release|x64
		{D38964D0-DD9F-4C2A-B459-DDDA8A5E9FD1}.AppStore|iPhoneSimulator.ActiveCfg = Release|x64
		{D38964D0-DD9F-4C2A-B459-DDDA8A5E9FD1}.AppStore|iPhoneSimulator.Build.0 = Release|x64
		{D38964D0-DD9F-4C2A-B459-DDDA8A5E9FD1}.AppStore|iPhoneSimulator.Deploy.0 = Release|x64
		{D38964D0-DD9F-4C2A-B459-DDDA8A5E9FD1}.AppStore|x64.ActiveCfg = Release|x64
		{D38964D0-DD9F-4C2A-B459-DDDA8A5E9FD1}.AppStore|x64.Build.0 = Release|x64
		{D38964D0-DD9F-4C2A-B459-DDDA8A5E9FD1}.AppStore|x64.Deploy.0 = Release|x64
		{D38964D0-DD9F-4C2A-B459-DDDA8A5E9FD1}.AppStore|x86.ActiveCfg = Release|x86
		{D38964D0-DD9F-4C2A-B459-DDDA8A5E9FD1}.AppStore|x86.Build.0 = Release|x86
		{D38964D0-DD9F-4C2A-B459-DDDA8A5E9FD1}.AppStore|x86.Deploy.0 = Release|x86
		{D38964D0-DD9F-4C2A-B459-DDDA8A5E9FD1}.Debug|Any CPU.ActiveCfg = Debug|x86
		{D38964D0-DD9F-4C2A-B459-DDDA8A5E9FD1}.Debug|ARM.ActiveCfg = Debug|ARM
		{D38964D0-DD9F-4C2A-B459-DDDA8A5E9FD1}.Debug|ARM.Build.0 = Debug|ARM
		{D38964D0-DD9F-4C2A-B459-DDDA8A5E9FD1}.Debug|ARM.Deploy.0 = Debug|ARM
		{D38964D0-DD9F-4C2A-B459-DDDA8A5E9FD1}.Debug|iPhone.ActiveCfg = Debug|x86
		{D38964D0-DD9F-4C2A-B459-DDDA8A5E9FD1}.Debug|iPhoneSimulator.ActiveCfg = Debug|x86
		{D38964D0-DD9F-4C2A-B459-DDDA8A5E9FD1}.Debug|x64.ActiveCfg = Debug|x64
		{D38964D0-DD9F-4C2A-B459-DDDA8A5E9FD1}.Debug|x64.Build.0 = Debug|x64
		{D38964D0-DD9F-4C2A-B459-DDDA8A5E9FD1}.Debug|x64.Deploy.0 = Debug|x64
		{D38964D0-DD9F-4C2A-B459-DDDA8A5E9FD1}.Debug|x86.ActiveCfg = Debug|x86
		{D38964D0-DD9F-4C2A-B459-DDDA8A5E9FD1}.Debug|x86.Build.0 = Debug|x86
		{D38964D0-DD9F-4C2A-B459-DDDA8A5E9FD1}.Debug|x86.Deploy.0 = Debug|x86
		{D38964D0-DD9F-4C2A-B459-DDDA8A5E9FD1}.Release|Any CPU.ActiveCfg = Release|x86
		{D38964D0-DD9F-4C2A-B459-DDDA8A5E9FD1}.Release|ARM.ActiveCfg = Release|ARM
		{D38964D0-DD9F-4C2A-B459-DDDA8A5E9FD1}.Release|ARM.Build.0 = Release|ARM
		{D38964D0-DD9F-4C2A-B459-DDDA8A5E9FD1}.Release|ARM.Deploy.0 = Release|ARM
		{D38964D0-DD9F-4C2A-B459-DDDA8A5E9FD1}.Release|iPhone.ActiveCfg = Release|x86
		{D38964D0-DD9F-4C2A-B459-DDDA8A5E9FD1}.Release|iPhoneSimulator.ActiveCfg = Release|x86
		{D38964D0-DD9F-4C2A-B459-DDDA8A5E9FD1}.Release|x64.ActiveCfg = Release|x64
		{D38964D0-DD9F-4C2A-B459-DDDA8A5E9FD1}.Release|x64.Build.0 = Release|x64
		{D38964D0-DD9F-4C2A-B459-DDDA8A5E9FD1}.Release|x64.Deploy.0 = Release|x64
		{D38964D0-DD9F-4C2A-B459-DDDA8A5E9FD1}.Release|x86.ActiveCfg = Release|x86
		{D38964D0-DD9F-4C2A-B459-DDDA8A5E9FD1}.Release|x86.Build.0 = Release|x86
		{D38964D0-DD9F-4C2A-B459-DDDA8A5E9FD1}.Release|x86.Deploy.0 = Release|x86
		{60ADD59B-5F12-4F75-A567-A1481A197B86}.Ad-Hoc|Any CPU.ActiveCfg = Debug|Any CPU
		{60ADD59B-5F12-4F75-A567-A1481A197B86}.Ad-Hoc|Any CPU.Build.0 = Debug|Any CPU
		{60ADD59B-5F12-4F75-A567-A1481A197B86}.Ad-Hoc|ARM.ActiveCfg = Debug|Any CPU
		{60ADD59B-5F12-4F75-A567-A1481A197B86}.Ad-Hoc|ARM.Build.0 = Debug|Any CPU
		{60ADD59B-5F12-4F75-A567-A1481A197B86}.Ad-Hoc|iPhone.ActiveCfg = Debug|Any CPU
		{60ADD59B-5F12-4F75-A567-A1481A197B86}.Ad-Hoc|iPhone.Build.0 = Debug|Any CPU
		{60ADD59B-5F12-4F75-A567-A1481A197B86}.Ad-Hoc|iPhoneSimulator.ActiveCfg = Debug|Any CPU
		{60ADD59B-5F12-4F75-A567-A1481A197B86}.Ad-Hoc|iPhoneSimulator.Build.0 = Debug|Any CPU
		{60ADD59B-5F12-4F75-A567-A1481A197B86}.Ad-Hoc|x64.ActiveCfg = Debug|Any CPU
		{60ADD59B-5F12-4F75-A567-A1481A197B86}.Ad-Hoc|x64.Build.0 = Debug|Any CPU
		{60ADD59B-5F12-4F75-A567-A1481A197B86}.Ad-Hoc|x86.ActiveCfg = Debug|Any CPU
		{60ADD59B-5F12-4F75-A567-A1481A197B86}.Ad-Hoc|x86.Build.0 = Debug|Any CPU
		{60ADD59B-5F12-4F75-A567-A1481A197B86}.AppStore|Any CPU.ActiveCfg = Debug|Any CPU
		{60ADD59B-5F12-4F75-A567-A1481A197B86}.AppStore|Any CPU.Build.0 = Debug|Any CPU
		{60ADD59B-5F12-4F75-A567-A1481A197B86}.AppStore|ARM.ActiveCfg = Debug|Any CPU
		{60ADD59B-5F12-4F75-A567-A1481A197B86}.AppStore|ARM.Build.0 = Debug|Any CPU
		{60ADD59B-5F12-4F75-A567-A1481A197B86}.AppStore|iPhone.ActiveCfg = Debug|Any CPU
		{60ADD59B-5F12-4F75-A567-A1481A197B86}.AppStore|iPhone.Build.0 = Debug|Any CPU
		{60ADD59B-5F12-4F75-A567-A1481A197B86}.AppStore|iPhoneSimulator.ActiveCfg = Debug|Any CPU
		{60ADD59B-5F12-4F75-A567-A1481A197B86}.AppStore|iPhoneSimulator.Build.0 = Debug|Any CPU
		{60ADD59B-5F12-4F75-A567-A1481A197B86}.AppStore|x64.ActiveCfg = Debug|Any CPU
		{60ADD59B-5F12-4F75-A567-A1481A197B86}.AppStore|x64.Build.0 = Debug|Any CPU
		{60ADD59B-5F12-4F75-A567-A1481A197B86}.AppStore|x86.ActiveCfg = Debug|Any CPU
		{60ADD59B-5F12-4F75-A567-A1481A197B86}.AppStore|x86.Build.0 = Debug|Any CPU
		{60ADD59B-5F12-4F75-A567-A1481A197B86}.Debug|Any CPU.ActiveCfg = Debug|Any CPU
		{60ADD59B-5F12-4F75-A567-A1481A197B86}.Debug|Any CPU.Build.0 = Debug|Any CPU
		{60ADD59B-5F12-4F75-A567-A1481A197B86}.Debug|ARM.ActiveCfg = Debug|Any CPU
		{60ADD59B-5F12-4F75-A567-A1481A197B86}.Debug|ARM.Build.0 = Debug|Any CPU
		{60ADD59B-5F12-4F75-A567-A1481A197B86}.Debug|iPhone.ActiveCfg = Debug|Any CPU
		{60ADD59B-5F12-4F75-A567-A1481A197B86}.Debug|iPhone.Build.0 = Debug|Any CPU
		{60ADD59B-5F12-4F75-A567-A1481A197B86}.Debug|iPhoneSimulator.ActiveCfg = Debug|Any CPU
		{60ADD59B-5F12-4F75-A567-A1481A197B86}.Debug|iPhoneSimulator.Build.0 = Debug|Any CPU
		{60ADD59B-5F12-4F75-A567-A1481A197B86}.Debug|x64.ActiveCfg = Debug|Any CPU
		{60ADD59B-5F12-4F75-A567-A1481A197B86}.Debug|x64.Build.0 = Debug|Any CPU
		{60ADD59B-5F12-4F75-A567-A1481A197B86}.Debug|x86.ActiveCfg = Debug|Any CPU
		{60ADD59B-5F12-4F75-A567-A1481A197B86}.Debug|x86.Build.0 = Debug|Any CPU
		{60ADD59B-5F12-4F75-A567-A1481A197B86}.Release|Any CPU.ActiveCfg = Release|Any CPU
		{60ADD59B-5F12-4F75-A567-A1481A197B86}.Release|Any CPU.Build.0 = Release|Any CPU
		{60ADD59B-5F12-4F75-A567-A1481A197B86}.Release|ARM.ActiveCfg = Release|Any CPU
		{60ADD59B-5F12-4F75-A567-A1481A197B86}.Release|ARM.Build.0 = Release|Any CPU
		{60ADD59B-5F12-4F75-A567-A1481A197B86}.Release|iPhone.ActiveCfg = Release|Any CPU
		{60ADD59B-5F12-4F75-A567-A1481A197B86}.Release|iPhone.Build.0 = Release|Any CPU
		{60ADD59B-5F12-4F75-A567-A1481A197B86}.Release|iPhoneSimulator.ActiveCfg = Release|Any CPU
		{60ADD59B-5F12-4F75-A567-A1481A197B86}.Release|iPhoneSimulator.Build.0 = Release|Any CPU
		{60ADD59B-5F12-4F75-A567-A1481A197B86}.Release|x64.ActiveCfg = Release|Any CPU
		{60ADD59B-5F12-4F75-A567-A1481A197B86}.Release|x64.Build.0 = Release|Any CPU
		{60ADD59B-5F12-4F75-A567-A1481A197B86}.Release|x86.ActiveCfg = Release|Any CPU
		{60ADD59B-5F12-4F75-A567-A1481A197B86}.Release|x86.Build.0 = Release|Any CPU
		{71EFF2FC-0516-4D19-ACCB-CE50E9CC6735}.Ad-Hoc|Any CPU.ActiveCfg = Debug|Any CPU
		{71EFF2FC-0516-4D19-ACCB-CE50E9CC6735}.Ad-Hoc|Any CPU.Build.0 = Debug|Any CPU
		{71EFF2FC-0516-4D19-ACCB-CE50E9CC6735}.Ad-Hoc|ARM.ActiveCfg = Debug|Any CPU
		{71EFF2FC-0516-4D19-ACCB-CE50E9CC6735}.Ad-Hoc|ARM.Build.0 = Debug|Any CPU
		{71EFF2FC-0516-4D19-ACCB-CE50E9CC6735}.Ad-Hoc|iPhone.ActiveCfg = Debug|Any CPU
		{71EFF2FC-0516-4D19-ACCB-CE50E9CC6735}.Ad-Hoc|iPhone.Build.0 = Debug|Any CPU
		{71EFF2FC-0516-4D19-ACCB-CE50E9CC6735}.Ad-Hoc|iPhoneSimulator.ActiveCfg = Debug|Any CPU
		{71EFF2FC-0516-4D19-ACCB-CE50E9CC6735}.Ad-Hoc|iPhoneSimulator.Build.0 = Debug|Any CPU
		{71EFF2FC-0516-4D19-ACCB-CE50E9CC6735}.Ad-Hoc|x64.ActiveCfg = Debug|Any CPU
		{71EFF2FC-0516-4D19-ACCB-CE50E9CC6735}.Ad-Hoc|x64.Build.0 = Debug|Any CPU
		{71EFF2FC-0516-4D19-ACCB-CE50E9CC6735}.Ad-Hoc|x86.ActiveCfg = Debug|Any CPU
		{71EFF2FC-0516-4D19-ACCB-CE50E9CC6735}.Ad-Hoc|x86.Build.0 = Debug|Any CPU
		{71EFF2FC-0516-4D19-ACCB-CE50E9CC6735}.AppStore|Any CPU.ActiveCfg = Debug|Any CPU
		{71EFF2FC-0516-4D19-ACCB-CE50E9CC6735}.AppStore|Any CPU.Build.0 = Debug|Any CPU
		{71EFF2FC-0516-4D19-ACCB-CE50E9CC6735}.AppStore|ARM.ActiveCfg = Debug|Any CPU
		{71EFF2FC-0516-4D19-ACCB-CE50E9CC6735}.AppStore|ARM.Build.0 = Debug|Any CPU
		{71EFF2FC-0516-4D19-ACCB-CE50E9CC6735}.AppStore|iPhone.ActiveCfg = Debug|Any CPU
		{71EFF2FC-0516-4D19-ACCB-CE50E9CC6735}.AppStore|iPhone.Build.0 = Debug|Any CPU
		{71EFF2FC-0516-4D19-ACCB-CE50E9CC6735}.AppStore|iPhoneSimulator.ActiveCfg = Debug|Any CPU
		{71EFF2FC-0516-4D19-ACCB-CE50E9CC6735}.AppStore|iPhoneSimulator.Build.0 = Debug|Any CPU
		{71EFF2FC-0516-4D19-ACCB-CE50E9CC6735}.AppStore|x64.ActiveCfg = Debug|Any CPU
		{71EFF2FC-0516-4D19-ACCB-CE50E9CC6735}.AppStore|x64.Build.0 = Debug|Any CPU
		{71EFF2FC-0516-4D19-ACCB-CE50E9CC6735}.AppStore|x86.ActiveCfg = Debug|Any CPU
		{71EFF2FC-0516-4D19-ACCB-CE50E9CC6735}.AppStore|x86.Build.0 = Debug|Any CPU
		{71EFF2FC-0516-4D19-ACCB-CE50E9CC6735}.Debug|Any CPU.ActiveCfg = Debug|Any CPU
		{71EFF2FC-0516-4D19-ACCB-CE50E9CC6735}.Debug|Any CPU.Build.0 = Debug|Any CPU
		{71EFF2FC-0516-4D19-ACCB-CE50E9CC6735}.Debug|ARM.ActiveCfg = Debug|Any CPU
		{71EFF2FC-0516-4D19-ACCB-CE50E9CC6735}.Debug|ARM.Build.0 = Debug|Any CPU
		{71EFF2FC-0516-4D19-ACCB-CE50E9CC6735}.Debug|iPhone.ActiveCfg = Debug|Any CPU
		{71EFF2FC-0516-4D19-ACCB-CE50E9CC6735}.Debug|iPhone.Build.0 = Debug|Any CPU
		{71EFF2FC-0516-4D19-ACCB-CE50E9CC6735}.Debug|iPhoneSimulator.ActiveCfg = Debug|Any CPU
		{71EFF2FC-0516-4D19-ACCB-CE50E9CC6735}.Debug|iPhoneSimulator.Build.0 = Debug|Any CPU
		{71EFF2FC-0516-4D19-ACCB-CE50E9CC6735}.Debug|x64.ActiveCfg = Debug|Any CPU
		{71EFF2FC-0516-4D19-ACCB-CE50E9CC6735}.Debug|x64.Build.0 = Debug|Any CPU
		{71EFF2FC-0516-4D19-ACCB-CE50E9CC6735}.Debug|x86.ActiveCfg = Debug|Any CPU
		{71EFF2FC-0516-4D19-ACCB-CE50E9CC6735}.Debug|x86.Build.0 = Debug|Any CPU
		{71EFF2FC-0516-4D19-ACCB-CE50E9CC6735}.Release|Any CPU.ActiveCfg = Release|Any CPU
		{71EFF2FC-0516-4D19-ACCB-CE50E9CC6735}.Release|Any CPU.Build.0 = Release|Any CPU
		{71EFF2FC-0516-4D19-ACCB-CE50E9CC6735}.Release|ARM.ActiveCfg = Release|Any CPU
		{71EFF2FC-0516-4D19-ACCB-CE50E9CC6735}.Release|ARM.Build.0 = Release|Any CPU
		{71EFF2FC-0516-4D19-ACCB-CE50E9CC6735}.Release|iPhone.ActiveCfg = Release|Any CPU
		{71EFF2FC-0516-4D19-ACCB-CE50E9CC6735}.Release|iPhone.Build.0 = Release|Any CPU
		{71EFF2FC-0516-4D19-ACCB-CE50E9CC6735}.Release|iPhoneSimulator.ActiveCfg = Release|Any CPU
		{71EFF2FC-0516-4D19-ACCB-CE50E9CC6735}.Release|iPhoneSimulator.Build.0 = Release|Any CPU
		{71EFF2FC-0516-4D19-ACCB-CE50E9CC6735}.Release|x64.ActiveCfg = Release|Any CPU
		{71EFF2FC-0516-4D19-ACCB-CE50E9CC6735}.Release|x64.Build.0 = Release|Any CPU
		{71EFF2FC-0516-4D19-ACCB-CE50E9CC6735}.Release|x86.ActiveCfg = Release|Any CPU
		{71EFF2FC-0516-4D19-ACCB-CE50E9CC6735}.Release|x86.Build.0 = Release|Any CPU
		{9DC8618C-646C-40FE-BB2F-113C8F3096C5}.Ad-Hoc|Any CPU.ActiveCfg = Debug|Any CPU
		{9DC8618C-646C-40FE-BB2F-113C8F3096C5}.Ad-Hoc|Any CPU.Build.0 = Debug|Any CPU
		{9DC8618C-646C-40FE-BB2F-113C8F3096C5}.Ad-Hoc|ARM.ActiveCfg = Debug|Any CPU
		{9DC8618C-646C-40FE-BB2F-113C8F3096C5}.Ad-Hoc|ARM.Build.0 = Debug|Any CPU
		{9DC8618C-646C-40FE-BB2F-113C8F3096C5}.Ad-Hoc|iPhone.ActiveCfg = Debug|Any CPU
		{9DC8618C-646C-40FE-BB2F-113C8F3096C5}.Ad-Hoc|iPhone.Build.0 = Debug|Any CPU
		{9DC8618C-646C-40FE-BB2F-113C8F3096C5}.Ad-Hoc|iPhoneSimulator.ActiveCfg = Debug|Any CPU
		{9DC8618C-646C-40FE-BB2F-113C8F3096C5}.Ad-Hoc|iPhoneSimulator.Build.0 = Debug|Any CPU
		{9DC8618C-646C-40FE-BB2F-113C8F3096C5}.Ad-Hoc|x64.ActiveCfg = Debug|Any CPU
		{9DC8618C-646C-40FE-BB2F-113C8F3096C5}.Ad-Hoc|x64.Build.0 = Debug|Any CPU
		{9DC8618C-646C-40FE-BB2F-113C8F3096C5}.Ad-Hoc|x86.ActiveCfg = Debug|Any CPU
		{9DC8618C-646C-40FE-BB2F-113C8F3096C5}.Ad-Hoc|x86.Build.0 = Debug|Any CPU
		{9DC8618C-646C-40FE-BB2F-113C8F3096C5}.AppStore|Any CPU.ActiveCfg = Debug|Any CPU
		{9DC8618C-646C-40FE-BB2F-113C8F3096C5}.AppStore|Any CPU.Build.0 = Debug|Any CPU
		{9DC8618C-646C-40FE-BB2F-113C8F3096C5}.AppStore|ARM.ActiveCfg = Debug|Any CPU
		{9DC8618C-646C-40FE-BB2F-113C8F3096C5}.AppStore|ARM.Build.0 = Debug|Any CPU
		{9DC8618C-646C-40FE-BB2F-113C8F3096C5}.AppStore|iPhone.ActiveCfg = Debug|Any CPU
		{9DC8618C-646C-40FE-BB2F-113C8F3096C5}.AppStore|iPhone.Build.0 = Debug|Any CPU
		{9DC8618C-646C-40FE-BB2F-113C8F3096C5}.AppStore|iPhoneSimulator.ActiveCfg = Debug|Any CPU
		{9DC8618C-646C-40FE-BB2F-113C8F3096C5}.AppStore|iPhoneSimulator.Build.0 = Debug|Any CPU
		{9DC8618C-646C-40FE-BB2F-113C8F3096C5}.AppStore|x64.ActiveCfg = Debug|Any CPU
		{9DC8618C-646C-40FE-BB2F-113C8F3096C5}.AppStore|x64.Build.0 = Debug|Any CPU
		{9DC8618C-646C-40FE-BB2F-113C8F3096C5}.AppStore|x86.ActiveCfg = Debug|Any CPU
		{9DC8618C-646C-40FE-BB2F-113C8F3096C5}.AppStore|x86.Build.0 = Debug|Any CPU
		{9DC8618C-646C-40FE-BB2F-113C8F3096C5}.Debug|Any CPU.ActiveCfg = Debug|Any CPU
		{9DC8618C-646C-40FE-BB2F-113C8F3096C5}.Debug|Any CPU.Build.0 = Debug|Any CPU
		{9DC8618C-646C-40FE-BB2F-113C8F3096C5}.Debug|ARM.ActiveCfg = Debug|Any CPU
		{9DC8618C-646C-40FE-BB2F-113C8F3096C5}.Debug|ARM.Build.0 = Debug|Any CPU
		{9DC8618C-646C-40FE-BB2F-113C8F3096C5}.Debug|iPhone.ActiveCfg = Debug|Any CPU
		{9DC8618C-646C-40FE-BB2F-113C8F3096C5}.Debug|iPhone.Build.0 = Debug|Any CPU
		{9DC8618C-646C-40FE-BB2F-113C8F3096C5}.Debug|iPhoneSimulator.ActiveCfg = Debug|Any CPU
		{9DC8618C-646C-40FE-BB2F-113C8F3096C5}.Debug|iPhoneSimulator.Build.0 = Debug|Any CPU
		{9DC8618C-646C-40FE-BB2F-113C8F3096C5}.Debug|x64.ActiveCfg = Debug|Any CPU
		{9DC8618C-646C-40FE-BB2F-113C8F3096C5}.Debug|x64.Build.0 = Debug|Any CPU
		{9DC8618C-646C-40FE-BB2F-113C8F3096C5}.Debug|x86.ActiveCfg = Debug|Any CPU
		{9DC8618C-646C-40FE-BB2F-113C8F3096C5}.Debug|x86.Build.0 = Debug|Any CPU
		{9DC8618C-646C-40FE-BB2F-113C8F3096C5}.Release|Any CPU.ActiveCfg = Release|Any CPU
		{9DC8618C-646C-40FE-BB2F-113C8F3096C5}.Release|Any CPU.Build.0 = Release|Any CPU
		{9DC8618C-646C-40FE-BB2F-113C8F3096C5}.Release|ARM.ActiveCfg = Release|Any CPU
		{9DC8618C-646C-40FE-BB2F-113C8F3096C5}.Release|ARM.Build.0 = Release|Any CPU
		{9DC8618C-646C-40FE-BB2F-113C8F3096C5}.Release|iPhone.ActiveCfg = Release|Any CPU
		{9DC8618C-646C-40FE-BB2F-113C8F3096C5}.Release|iPhone.Build.0 = Release|Any CPU
		{9DC8618C-646C-40FE-BB2F-113C8F3096C5}.Release|iPhoneSimulator.ActiveCfg = Release|Any CPU
		{9DC8618C-646C-40FE-BB2F-113C8F3096C5}.Release|iPhoneSimulator.Build.0 = Release|Any CPU
		{9DC8618C-646C-40FE-BB2F-113C8F3096C5}.Release|x64.ActiveCfg = Release|Any CPU
		{9DC8618C-646C-40FE-BB2F-113C8F3096C5}.Release|x64.Build.0 = Release|Any CPU
		{9DC8618C-646C-40FE-BB2F-113C8F3096C5}.Release|x86.ActiveCfg = Release|Any CPU
		{9DC8618C-646C-40FE-BB2F-113C8F3096C5}.Release|x86.Build.0 = Release|Any CPU
		{8A5561D4-B867-45B0-911E-E6151CF8DC00}.Ad-Hoc|Any CPU.ActiveCfg = Debug|Any CPU
		{8A5561D4-B867-45B0-911E-E6151CF8DC00}.Ad-Hoc|Any CPU.Build.0 = Debug|Any CPU
		{8A5561D4-B867-45B0-911E-E6151CF8DC00}.Ad-Hoc|ARM.ActiveCfg = Debug|Any CPU
		{8A5561D4-B867-45B0-911E-E6151CF8DC00}.Ad-Hoc|ARM.Build.0 = Debug|Any CPU
		{8A5561D4-B867-45B0-911E-E6151CF8DC00}.Ad-Hoc|iPhone.ActiveCfg = Debug|Any CPU
		{8A5561D4-B867-45B0-911E-E6151CF8DC00}.Ad-Hoc|iPhone.Build.0 = Debug|Any CPU
		{8A5561D4-B867-45B0-911E-E6151CF8DC00}.Ad-Hoc|iPhoneSimulator.ActiveCfg = Debug|Any CPU
		{8A5561D4-B867-45B0-911E-E6151CF8DC00}.Ad-Hoc|iPhoneSimulator.Build.0 = Debug|Any CPU
		{8A5561D4-B867-45B0-911E-E6151CF8DC00}.Ad-Hoc|x64.ActiveCfg = Debug|Any CPU
		{8A5561D4-B867-45B0-911E-E6151CF8DC00}.Ad-Hoc|x64.Build.0 = Debug|Any CPU
		{8A5561D4-B867-45B0-911E-E6151CF8DC00}.Ad-Hoc|x86.ActiveCfg = Debug|Any CPU
		{8A5561D4-B867-45B0-911E-E6151CF8DC00}.Ad-Hoc|x86.Build.0 = Debug|Any CPU
		{8A5561D4-B867-45B0-911E-E6151CF8DC00}.AppStore|Any CPU.ActiveCfg = Debug|Any CPU
		{8A5561D4-B867-45B0-911E-E6151CF8DC00}.AppStore|Any CPU.Build.0 = Debug|Any CPU
		{8A5561D4-B867-45B0-911E-E6151CF8DC00}.AppStore|ARM.ActiveCfg = Debug|Any CPU
		{8A5561D4-B867-45B0-911E-E6151CF8DC00}.AppStore|ARM.Build.0 = Debug|Any CPU
		{8A5561D4-B867-45B0-911E-E6151CF8DC00}.AppStore|iPhone.ActiveCfg = Debug|Any CPU
		{8A5561D4-B867-45B0-911E-E6151CF8DC00}.AppStore|iPhone.Build.0 = Debug|Any CPU
		{8A5561D4-B867-45B0-911E-E6151CF8DC00}.AppStore|iPhoneSimulator.ActiveCfg = Debug|Any CPU
		{8A5561D4-B867-45B0-911E-E6151CF8DC00}.AppStore|iPhoneSimulator.Build.0 = Debug|Any CPU
		{8A5561D4-B867-45B0-911E-E6151CF8DC00}.AppStore|x64.ActiveCfg = Debug|Any CPU
		{8A5561D4-B867-45B0-911E-E6151CF8DC00}.AppStore|x64.Build.0 = Debug|Any CPU
		{8A5561D4-B867-45B0-911E-E6151CF8DC00}.AppStore|x86.ActiveCfg = Debug|Any CPU
		{8A5561D4-B867-45B0-911E-E6151CF8DC00}.AppStore|x86.Build.0 = Debug|Any CPU
		{8A5561D4-B867-45B0-911E-E6151CF8DC00}.Debug|Any CPU.ActiveCfg = Debug|Any CPU
		{8A5561D4-B867-45B0-911E-E6151CF8DC00}.Debug|Any CPU.Build.0 = Debug|Any CPU
		{8A5561D4-B867-45B0-911E-E6151CF8DC00}.Debug|ARM.ActiveCfg = Debug|Any CPU
		{8A5561D4-B867-45B0-911E-E6151CF8DC00}.Debug|ARM.Build.0 = Debug|Any CPU
		{8A5561D4-B867-45B0-911E-E6151CF8DC00}.Debug|iPhone.ActiveCfg = Debug|Any CPU
		{8A5561D4-B867-45B0-911E-E6151CF8DC00}.Debug|iPhone.Build.0 = Debug|Any CPU
		{8A5561D4-B867-45B0-911E-E6151CF8DC00}.Debug|iPhoneSimulator.ActiveCfg = Debug|Any CPU
		{8A5561D4-B867-45B0-911E-E6151CF8DC00}.Debug|iPhoneSimulator.Build.0 = Debug|Any CPU
		{8A5561D4-B867-45B0-911E-E6151CF8DC00}.Debug|x64.ActiveCfg = Debug|Any CPU
		{8A5561D4-B867-45B0-911E-E6151CF8DC00}.Debug|x64.Build.0 = Debug|Any CPU
		{8A5561D4-B867-45B0-911E-E6151CF8DC00}.Debug|x86.ActiveCfg = Debug|Any CPU
		{8A5561D4-B867-45B0-911E-E6151CF8DC00}.Debug|x86.Build.0 = Debug|Any CPU
		{8A5561D4-B867-45B0-911E-E6151CF8DC00}.Release|Any CPU.ActiveCfg = Release|Any CPU
		{8A5561D4-B867-45B0-911E-E6151CF8DC00}.Release|Any CPU.Build.0 = Release|Any CPU
		{8A5561D4-B867-45B0-911E-E6151CF8DC00}.Release|ARM.ActiveCfg = Release|Any CPU
		{8A5561D4-B867-45B0-911E-E6151CF8DC00}.Release|ARM.Build.0 = Release|Any CPU
		{8A5561D4-B867-45B0-911E-E6151CF8DC00}.Release|iPhone.ActiveCfg = Release|Any CPU
		{8A5561D4-B867-45B0-911E-E6151CF8DC00}.Release|iPhone.Build.0 = Release|Any CPU
		{8A5561D4-B867-45B0-911E-E6151CF8DC00}.Release|iPhoneSimulator.ActiveCfg = Release|Any CPU
		{8A5561D4-B867-45B0-911E-E6151CF8DC00}.Release|iPhoneSimulator.Build.0 = Release|Any CPU
		{8A5561D4-B867-45B0-911E-E6151CF8DC00}.Release|x64.ActiveCfg = Release|Any CPU
		{8A5561D4-B867-45B0-911E-E6151CF8DC00}.Release|x64.Build.0 = Release|Any CPU
		{8A5561D4-B867-45B0-911E-E6151CF8DC00}.Release|x86.ActiveCfg = Release|Any CPU
		{8A5561D4-B867-45B0-911E-E6151CF8DC00}.Release|x86.Build.0 = Release|Any CPU
	EndGlobalSection
	GlobalSection(SolutionProperties) = preSolution
		HideSolutionNode = FALSE
	EndGlobalSection
	GlobalSection(ExtensibilityGlobals) = postSolution
		SolutionGuid = {3C6492CF-E0C2-472C-A5FA-7BD0EA999746}
	EndGlobalSection
EndGlobal
